<?xml version="1.0" encoding="UTF-8"?>
<CONFIG>
  <ProjectOptions>
    <Version Value="10"/>
    <PathDelim Value="\"/>
    <General>
      <Flags>
        <MainUnitHasCreateFormStatements Value="False"/>
        <MainUnitHasTitleStatement Value="False"/>
        <MainUnitHasScaledStatement Value="False"/>
      </Flags>
      <SessionStorage Value="InProjectDir"/>
      <MainUnit Value="0"/>
      <Title Value="ACBrLibPosPrinter"/>
      <ResourceType Value="res"/>
    </General>
    <VersionInfo>
      <UseVersionInfo Value="True"/>
      <AutoIncrementBuild Value="True"/>
      <RevisionNr Value="2"/>
      <BuildNr Value="30"/>
      <Language Value="0416"/>
      <Attributes pvaPreRelease="True"/>
      <StringTable CompanyName="Projeto ACBr" FileDescription="ACBrPosPrinter - Biblioteca para comunicação com impressoras não fiscais ﻿usando EscPos" InternalName="ACBrLibPosPrinter" LegalCopyright="Projeto ACBr" LegalTrademarks="Projeto ACBr" ProductName="PosPrinter "/>
    </VersionInfo>
    <BuildModes Count="5">
      <Item1 Name="x86 - CDECL" Default="True"/>
      <Item2 Name="x64 - CDECL">
        <CompilerOptions>
          <Version Value="11"/>
          <PathDelim Value="\"/>
          <Target>
            <Filename Value="bin\Cdecl\ACBrPosPrinter64"/>
          </Target>
          <SearchPaths>
            <IncludeFiles Value="$(ProjOutDir);..\Comum"/>
            <OtherUnitFiles Value="..\Comum"/>
            <UnitOutputDirectory Value="lib\$(TargetCPU)-$(TargetOS)"/>
          </SearchPaths>
          <Parsing>
            <SyntaxOptions>
              <SyntaxMode Value="Delphi"/>
            </SyntaxOptions>
          </Parsing>
          <CodeGeneration>
            <SmartLinkUnit Value="True"/>
            <TargetCPU Value="x86_64"/>
            <Optimizations>
              <OptimizationLevel Value="3"/>
            </Optimizations>
            <SmallerCode Value="True"/>
          </CodeGeneration>
          <Linking>
            <Debugging>
              <GenerateDebugInfo Value="False"/>
              <UseLineInfoUnit Value="False"/>
            </Debugging>
            <LinkSmart Value="True"/>
            <Options>
              <ExecutableType Value="Library"/>
            </Options>
          </Linking>
          <Other>
            <CustomOptions Value="-dNOGUI"/>
          </Other>
        </CompilerOptions>
      </Item2>
      <Item3 Name="x86 - STDCALL">
        <CompilerOptions>
          <Version Value="11"/>
          <PathDelim Value="\"/>
          <Target>
            <Filename Value="bin\StdCall\ACBrPosPrinter32"/>
          </Target>
          <SearchPaths>
            <IncludeFiles Value="$(ProjOutDir);..\Comum"/>
            <OtherUnitFiles Value="..\Comum"/>
            <UnitOutputDirectory Value="lib\$(TargetCPU)-$(TargetOS)"/>
          </SearchPaths>
          <Parsing>
            <SyntaxOptions>
              <SyntaxMode Value="Delphi"/>
            </SyntaxOptions>
          </Parsing>
          <CodeGeneration>
            <SmartLinkUnit Value="True"/>
            <TargetCPU Value="i386"/>
            <Optimizations>
              <OptimizationLevel Value="3"/>
            </Optimizations>
            <SmallerCode Value="True"/>
          </CodeGeneration>
          <Linking>
            <Debugging>
              <GenerateDebugInfo Value="False"/>
            </Debugging>
            <LinkSmart Value="True"/>
            <Options>
              <ExecutableType Value="Library"/>
            </Options>
          </Linking>
          <Other>
            <CustomOptions Value="-dSTDCALL
-dNOGUI"/>
          </Other>
        </CompilerOptions>
      </Item3>
      <Item4 Name="x64 - STDCALL">
        <CompilerOptions>
          <Version Value="11"/>
          <PathDelim Value="\"/>
          <Target>
            <Filename Value="bin\StdCall\ACBrPosPrinter64"/>
          </Target>
          <SearchPaths>
            <IncludeFiles Value="$(ProjOutDir);..\Comum"/>
            <OtherUnitFiles Value="..\Comum"/>
            <UnitOutputDirectory Value="lib\$(TargetCPU)-$(TargetOS)"/>
          </SearchPaths>
          <Parsing>
            <SyntaxOptions>
              <SyntaxMode Value="Delphi"/>
            </SyntaxOptions>
          </Parsing>
          <CodeGeneration>
            <SmartLinkUnit Value="True"/>
            <TargetCPU Value="x86_64"/>
            <Optimizations>
              <OptimizationLevel Value="3"/>
            </Optimizations>
            <SmallerCode Value="True"/>
          </CodeGeneration>
          <Linking>
            <Debugging>
              <GenerateDebugInfo Value="False"/>
            </Debugging>
            <LinkSmart Value="True"/>
            <Options>
              <ExecutableType Value="Library"/>
            </Options>
          </Linking>
          <Other>
            <CustomOptions Value="-dSTDCALL
-dNOGUI"/>
          </Other>
        </CompilerOptions>
      </Item4>
      <Item5 Name="x86 - CDECL - DEBUG">
        <CompilerOptions>
          <Version Value="11"/>
          <PathDelim Value="\"/>
          <Target>
            <Filename Value="..\Testes\PosPrinter\bin\ACBrPosPrinter32"/>
          </Target>
          <SearchPaths>
            <IncludeFiles Value="$(ProjOutDir);..\Comum"/>
            <OtherUnitFiles Value="..\Comum"/>
            <UnitOutputDirectory Value="lib\$(TargetCPU)-$(TargetOS)"/>
          </SearchPaths>
          <Parsing>
            <SyntaxOptions>
              <SyntaxMode Value="Delphi"/>
            </SyntaxOptions>
          </Parsing>
          <CodeGeneration>
            <SmartLinkUnit Value="True"/>
            <TargetCPU Value="i386"/>
            <Optimizations>
              <OptimizationLevel Value="3"/>
            </Optimizations>
            <SmallerCode Value="True"/>
          </CodeGeneration>
          <Linking>
            <Debugging>
              <UseHeaptrc Value="True"/>
            </Debugging>
            <LinkSmart Value="True"/>
            <Options>
              <ExecutableType Value="Library"/>
            </Options>
          </Linking>
          <Other>
            <CustomOptions Value="-dDEBUG"/>
          </Other>
        </CompilerOptions>
      </Item5>
    </BuildModes>
    <PublishOptions>
      <Version Value="2"/>
    </PublishOptions>
    <RunParams>
      <local>
        <FormatVersion Value="1"/>
        <HostApplicationFilename Value="E:\Programacao\ACBr\ACBr\Projetos\ACBrLib\Testes\PosPrinter\bin\ACBrLibPosPrinterTest.exe"/>
      </local>
    </RunParams>
    <RequiredPackages Count="1">
      <Item1>
        <PackageName Value="ACBrSerial"/>
      </Item1>
    </RequiredPackages>
    <Units Count="8">
      <Unit0>
        <Filename Value="ACBrLibPosPrinter.lpr"/>
        <IsPartOfProject Value="True"/>
      </Unit0>
      <Unit1>
        <Filename Value="..\Comum\ACBrLibComum.pas"/>
        <IsPartOfProject Value="True"/>
      </Unit1>
      <Unit2>
        <Filename Value="..\Comum\ACBrLibConfig.pas"/>
        <IsPartOfProject Value="True"/>
      </Unit2>
      <Unit3>
        <Filename Value="..\Comum\ACBrLibConsts.pas"/>
        <IsPartOfProject Value="True"/>
      </Unit3>
      <Unit4>
        <Filename Value="ACBrLibPosPrinterClass.pas"/>
        <IsPartOfProject Value="True"/>
      </Unit4>
      <Unit5>
        <Filename Value="ACBrLibPosPrinterConfig.pas"/>
        <IsPartOfProject Value="True"/>
      </Unit5>
      <Unit6>
        <Filename Value="ACBrLibPosPrinterDataModule.pas"/>
        <IsPartOfProject Value="True"/>
        <ComponentName Value="LibPosPrinterDM"/>
        <HasResources Value="True"/>
        <ResourceBaseClass Value="DataModule"/>
      </Unit6>
      <Unit7>
        <Filename Value="ACBrLibPosPrinterConsts.pas"/>
        <IsPartOfProject Value="True"/>
      </Unit7>
    </Units>
  </ProjectOptions>
  <CompilerOptions>
    <Version Value="11"/>
    <PathDelim Value="\"/>
    <Target>
      <Filename Value="bin\Cdecl\ACBrPosPrinter32"/>
    </Target>
    <SearchPaths>
      <IncludeFiles Value="$(ProjOutDir);..\Comum"/>
      <OtherUnitFiles Value="..\Comum"/>
      <UnitOutputDirectory Value="lib\$(TargetCPU)-$(TargetOS)"/>
    </SearchPaths>
    <CodeGeneration>
      <RelocatableUnit Value="True"/>
      <TargetCPU Value="i386"/>
    </CodeGeneration>
    <Linking>
      <Options>
        <ExecutableType Value="Library"/>
      </Options>
    </Linking>
  </CompilerOptions>
  <Debugging>
    <Exceptions Count="3">
      <Item1>
        <Name Value="EAbort"/>
      </Item1>
      <Item2>
        <Name Value="ECodetoolError"/>
      </Item2>
      <Item3>
        <Name Value="EFOpenError"/>
      </Item3>
    </Exceptions>
  </Debugging>
</CONFIG>
