<?xml version="1.0" encoding="UTF-8"?>
<CONFIG>
  <ProjectOptions>
    <Version Value="12"/>
    <PathDelim Value="\"/>
    <General>
      <Flags>
        <CompatibilityMode Value="True"/>
      </Flags>
      <Title Value="OpenSSLUtilsTeste"/>
      <ResourceType Value="res"/>
      <UseXPManifest Value="True"/>
      <XPManifest>
        <DpiAware Value="True"/>
      </XPManifest>
    </General>
    <i18n>
      <EnableI18N LFM="False"/>
    </i18n>
    <BuildModes Count="2" Active="Debug">
      <Item1 Name="Debug" Default="True"/>
      <Item2 Name="Release">
        <CompilerOptions>
          <Version Value="11"/>
          <PathDelim Value="\"/>
          <Target>
            <Filename Value="OpenSSLUtilsTeste"/>
          </Target>
          <SearchPaths>
            <IncludeFiles Value="$(ProjOutDir)"/>
            <UnitOutputDirectory Value="lib\$(TargetCPU)-$(TargetOS)"/>
          </SearchPaths>
          <CodeGeneration>
            <SmartLinkUnit Value="True"/>
            <Optimizations>
              <OptimizationLevel Value="3"/>
            </Optimizations>
          </CodeGeneration>
          <Linking>
            <Debugging>
              <GenerateDebugInfo Value="False"/>
              <StripSymbols Value="True"/>
            </Debugging>
            <LinkSmart Value="True"/>
            <Options>
              <Win32>
                <GraphicApplication Value="True"/>
              </Win32>
            </Options>
          </Linking>
        </CompilerOptions>
      </Item2>
    </BuildModes>
    <PublishOptions>
      <Version Value="2"/>
    </PublishOptions>
    <RunParams>
      <FormatVersion Value="2"/>
      <Modes Count="1">
        <Mode0 Name="default"/>
      </Modes>
    </RunParams>
    <RequiredPackages Count="3">
      <Item1>
        <PackageName Value="ACBrOpenSSL"/>
      </Item1>
      <Item2>
        <PackageName Value="ACBrComum"/>
      </Item2>
      <Item3>
        <PackageName Value="LCL"/>
      </Item3>
    </RequiredPackages>
    <Units Count="55">
      <Unit0>
        <Filename Value="OpenSSLUtilsTeste.lpr"/>
        <IsPartOfProject Value="True"/>
        <EditorIndex Value="1"/>
        <CursorPos X="39" Y="17"/>
        <UsageCount Value="230"/>
        <Loaded Value="True"/>
      </Unit0>
      <Unit1>
        <Filename Value="OpenSSLUtilsTeste1.pas"/>
        <IsPartOfProject Value="True"/>
        <ComponentName Value="Form1"/>
        <HasResources Value="True"/>
        <ResourceBaseClass Value="Form"/>
        <TopLine Value="120"/>
        <CursorPos X="54" Y="141"/>
        <UsageCount Value="230"/>
        <Loaded Value="True"/>
        <LoadedDesigner Value="True"/>
      </Unit1>
      <Unit2>
        <Filename Value="..\..\Fontes\ACBrComum\ACBrEAD.pas"/>
        <TopLine Value="40"/>
        <CursorPos Y="49"/>
        <UsageCount Value="28"/>
      </Unit2>
      <Unit3>
        <Filename Value="..\..\Fontes\ACBrDiversos\ACBrValidador.pas"/>
        <TopLine Value="234"/>
        <CursorPos X="3" Y="236"/>
        <UsageCount Value="4"/>
      </Unit3>
      <Unit4>
        <Filename Value="..\..\..\..\..\Lazarus\TESTE\libeay32\unit1.pas"/>
        <ComponentName Value="Form1"/>
        <HasResources Value="True"/>
        <ResourceBaseClass Value="Form"/>
        <UnitName Value="Unit1"/>
        <TopLine Value="159"/>
        <CursorPos X="15" Y="177"/>
        <UsageCount Value="28"/>
      </Unit4>
      <Unit5>
        <Filename Value="C:\lazarus\fpc\2.5.1\source\packages\openssl\src\openssl.pas"/>
        <UnitName Value="OpenSSL"/>
        <TopLine Value="521"/>
        <CursorPos X="37" Y="534"/>
        <UsageCount Value="4"/>
      </Unit5>
      <Unit6>
        <Filename Value="..\..\Fontes\ACBrComum\libeay32.pas"/>
        <TopLine Value="792"/>
        <CursorPos X="10" Y="804"/>
        <UsageCount Value="26"/>
      </Unit6>
      <Unit7>
        <Filename Value="..\..\Fontes\ACBrComum\ACBrUtil.pas"/>
        <TopLine Value="1601"/>
        <CursorPos X="3" Y="1607"/>
        <UsageCount Value="5"/>
      </Unit7>
      <Unit8>
        <Filename Value="..\..\Fontes\ACBrComum\OpenSSLUtils.pas"/>
        <TopLine Value="690"/>
        <CursorPos X="22" Y="673"/>
        <UsageCount Value="2"/>
      </Unit8>
      <Unit9>
        <Filename Value="..\..\..\Fontes\ACBrComum\ACBrEAD.pas"/>
        <TopLine Value="830"/>
        <CursorPos X="47" Y="834"/>
        <UsageCount Value="92"/>
        <Bookmarks Count="5">
          <Item0 Y="905" ID="4"/>
          <Item1 X="34" Y="986" ID="6"/>
          <Item2 Y="772" ID="5"/>
          <Item3 X="27" Y="1089" ID="1"/>
          <Item4 X="12" Y="858" ID="2"/>
        </Bookmarks>
      </Unit9>
      <Unit10>
        <Filename Value="..\..\..\Fontes\ACBrComum\libeay32.pas"/>
        <TopLine Value="949"/>
        <CursorPos X="17" Y="971"/>
        <UsageCount Value="91"/>
      </Unit10>
      <Unit11>
        <Filename Value="..\..\..\Fontes\ACBrComum\OpenSSL.pas"/>
        <TopLine Value="2175"/>
        <CursorPos Y="2186"/>
        <UsageCount Value="91"/>
      </Unit11>
      <Unit12>
        <Filename Value="..\..\..\Fontes\ACBrComum\ACBrUtil.pas"/>
        <TopLine Value="1019"/>
        <CursorPos X="9" Y="1042"/>
        <UsageCount Value="7"/>
      </Unit12>
      <Unit13>
        <Filename Value="..\..\..\Fontes\ACBrComum\ACBrComum-change-log.txt"/>
        <TopLine Value="60"/>
        <CursorPos X="44" Y="74"/>
        <UsageCount Value="13"/>
        <DefaultSyntaxHighlighter Value="None"/>
      </Unit13>
      <Unit14>
        <Filename Value="..\..\..\Fontes\synalist\ssl_openssl.pas"/>
        <TopLine Value="124"/>
        <CursorPos X="66" Y="135"/>
        <UsageCount Value="0"/>
      </Unit14>
      <Unit15>
        <Filename Value="..\..\..\Fontes\synalist\ssl_openssl_lib.pas"/>
        <TopLine Value="852"/>
        <CursorPos X="13" Y="874"/>
        <UsageCount Value="0"/>
      </Unit15>
      <Unit16>
        <Filename Value="..\..\..\Fontes\ACBrComum\OpenSSLExt.pas"/>
        <TopLine Value="403"/>
        <CursorPos X="36" Y="419"/>
        <UsageCount Value="0"/>
      </Unit16>
      <Unit17>
        <Filename Value="..\..\..\Fontes\synalist\synacode.pas"/>
        <TopLine Value="643"/>
        <CursorPos X="62" Y="653"/>
        <UsageCount Value="0"/>
      </Unit17>
      <Unit18>
        <Filename Value="C:\lazarus\fpc\2.6.4\source\rtl\inc\systemh.inc"/>
        <TopLine Value="395"/>
        <CursorPos X="3" Y="411"/>
        <UsageCount Value="0"/>
      </Unit18>
      <Unit19>
        <Filename Value="C:\lazarus\fpc\2.6.4\source\rtl\objpas\classes\classesh.inc"/>
        <TopLine Value="854"/>
        <CursorPos X="15" Y="870"/>
        <UsageCount Value="7"/>
      </Unit19>
      <Unit20>
        <Filename Value="C:\lazarus\fpc\2.6.4\source\rtl\objpas\classes\streams.inc"/>
        <TopLine Value="444"/>
        <CursorPos X="30" Y="455"/>
        <UsageCount Value="7"/>
      </Unit20>
      <Unit21>
        <Filename Value="..\..\..\Fontes\ACBrSerial\ACBrECF.pas"/>
        <TopLine Value="6763"/>
        <CursorPos X="21" Y="6789"/>
        <UsageCount Value="3"/>
      </Unit21>
      <Unit22>
        <Filename Value="..\..\..\..\Fontes\ACBrOpenSSL\ACBrEAD.pas"/>
        <EditorIndex Value="-1"/>
        <TopLine Value="1442"/>
        <CursorPos Y="1470"/>
        <UsageCount Value="62"/>
        <Bookmarks Count="3">
          <Item0 X="3" Y="1385" ID="3"/>
          <Item1 Y="863" ID="7"/>
          <Item2 X="22" Y="837" ID="1"/>
        </Bookmarks>
      </Unit22>
      <Unit23>
        <Filename Value="..\..\..\..\Fontes\Terceiros\synalist\ssl_openssl.pas"/>
        <EditorIndex Value="5"/>
        <TopLine Value="361"/>
        <CursorPos X="51" Y="381"/>
        <UsageCount Value="84"/>
        <Bookmarks Count="2">
          <Item0 X="51" Y="249" ID="1"/>
          <Item1 X="53" Y="380" ID="2"/>
        </Bookmarks>
        <Loaded Value="True"/>
      </Unit23>
      <Unit24>
        <Filename Value="..\..\..\..\Fontes\Terceiros\synalist\synautil.pas"/>
        <EditorIndex Value="-1"/>
        <TopLine Value="1783"/>
        <CursorPos Y="1790"/>
        <UsageCount Value="53"/>
      </Unit24>
      <Unit25>
        <Filename Value="..\..\..\..\Fontes\Terceiros\synalist\ssl_openssl_lib.pas"/>
        <EditorIndex Value="6"/>
        <TopLine Value="2043"/>
        <CursorPos X="89" Y="2073"/>
        <UsageCount Value="81"/>
        <Loaded Value="True"/>
      </Unit25>
      <Unit26>
        <Filename Value="..\..\..\..\Fontes\ACBrOpenSSL\ACBrOpenSSL-change-log.txt"/>
        <EditorIndex Value="-1"/>
        <TopLine Value="28"/>
        <CursorPos X="123" Y="60"/>
        <UsageCount Value="53"/>
        <DefaultSyntaxHighlighter Value="None"/>
      </Unit26>
      <Unit27>
        <Filename Value="..\..\..\..\Fontes\ACBrOpenSSL\libeay32.pas"/>
        <EditorIndex Value="-1"/>
        <TopLine Value="1250"/>
        <CursorPos X="22" Y="1273"/>
        <UsageCount Value="44"/>
      </Unit27>
      <Unit28>
        <Filename Value="..\..\..\..\Fontes\ACBrOpenSSL\OpenSSLExt.pas"/>
        <EditorIndex Value="3"/>
        <UsageCount Value="83"/>
        <Loaded Value="True"/>
      </Unit28>
      <Unit29>
        <Filename Value="C:\lazarus\fpc\3.0.0\source\packages\openssl\src\openssl.pas"/>
        <EditorIndex Value="-1"/>
        <TopLine Value="857"/>
        <CursorPos X="30" Y="875"/>
        <UsageCount Value="9"/>
      </Unit29>
      <Unit30>
        <Filename Value="C:\lazarus\fpc\3.0.0\source\rtl\objpas\objpas.pp"/>
        <EditorIndex Value="-1"/>
        <TopLine Value="23"/>
        <CursorPos X="8" Y="35"/>
        <UsageCount Value="9"/>
      </Unit30>
      <Unit31>
        <Filename Value="..\..\..\..\Fontes\ACBrComum\ACBrUtil.pas"/>
        <EditorIndex Value="-1"/>
        <TopLine Value="162"/>
        <CursorPos X="10" Y="180"/>
        <UsageCount Value="35"/>
      </Unit31>
      <Unit32>
        <Filename Value="..\..\..\..\Fontes\Terceiros\synalist\synacode.pas"/>
        <EditorIndex Value="-1"/>
        <UsageCount Value="35"/>
      </Unit32>
      <Unit33>
        <Filename Value="..\..\..\..\Fontes\ACBrDFe\ACBrDFeOpenSSL.pas"/>
        <EditorIndex Value="4"/>
        <TopLine Value="27"/>
        <CursorPos X="35" Y="60"/>
        <UsageCount Value="61"/>
        <Loaded Value="True"/>
      </Unit33>
      <Unit34>
        <Filename Value="..\..\..\..\Fontes\ACBrSerial\ACBrEscBematech.pas"/>
        <EditorIndex Value="-1"/>
        <UsageCount Value="22"/>
      </Unit34>
      <Unit35>
        <Filename Value="C:\lazarus\lcl\interfaces\win32\win32memostrings.inc"/>
        <EditorIndex Value="-1"/>
        <TopLine Value="39"/>
        <CursorPos Y="58"/>
        <UsageCount Value="20"/>
      </Unit35>
      <Unit36>
        <Filename Value="C:\lazarus\fpc\3.0.2\source\packages\rtl-objpas\src\inc\strutils.pp"/>
        <EditorIndex Value="-1"/>
        <TopLine Value="185"/>
        <CursorPos X="10" Y="203"/>
        <UsageCount Value="3"/>
      </Unit36>
      <Unit37>
        <Filename Value="..\..\..\..\Fontes\ACBrDFe\ACBrDFeWinCrypt.pas"/>
        <EditorIndex Value="-1"/>
        <TopLine Value="792"/>
        <CursorPos X="48" Y="799"/>
        <UsageCount Value="3"/>
      </Unit37>
      <Unit38>
        <Filename Value="C:\lazarus\fpc\3.0.2\source\rtl\objpas\sysutils\sysstrh.inc"/>
        <EditorIndex Value="-1"/>
        <TopLine Value="93"/>
        <CursorPos X="10" Y="111"/>
        <UsageCount Value="5"/>
      </Unit38>
      <Unit39>
        <Filename Value="..\..\..\..\Fontes\ACBrComum\ACBrComum-change-log.txt"/>
        <EditorIndex Value="-1"/>
        <TopLine Value="22"/>
        <CursorPos Y="42"/>
        <UsageCount Value="8"/>
        <DefaultSyntaxHighlighter Value="None"/>
      </Unit39>
      <Unit40>
        <Filename Value="..\..\..\..\Fontes\ACBrSerial\ACBrDISSmakTecladoLib.pas"/>
        <EditorIndex Value="-1"/>
        <TopLine Value="47"/>
        <CursorPos X="91" Y="74"/>
        <UsageCount Value="5"/>
      </Unit40>
      <Unit41>
        <Filename Value="..\..\..\..\Fontes\ACBrOpenSSL\ACBrOpenSSLUtils.pas"/>
        <IsVisibleTab Value="True"/>
        <EditorIndex Value="2"/>
        <TopLine Value="756"/>
        <CursorPos X="39" Y="779"/>
        <UsageCount Value="45"/>
        <Loaded Value="True"/>
      </Unit41>
      <Unit42>
        <Filename Value="C:\lazarus\fpc\3.2.2\source\rtl\objpas\objpas.pp"/>
        <EditorIndex Value="-1"/>
        <TopLine Value="142"/>
        <CursorPos X="13" Y="159"/>
        <UsageCount Value="4"/>
      </Unit42>
      <Unit43>
        <Filename Value="C:\lazarus\fpc\3.2.2\source\rtl\inc\systemh.inc"/>
        <EditorIndex Value="-1"/>
        <TopLine Value="91"/>
        <CursorPos X="3" Y="109"/>
        <UsageCount Value="5"/>
      </Unit43>
      <Unit44>
        <Filename Value="..\..\..\..\Fontes\Terceiros\synalist\blcksock.pas"/>
        <EditorIndex Value="-1"/>
        <TopLine Value="1361"/>
        <CursorPos X="82" Y="1379"/>
        <UsageCount Value="15"/>
      </Unit44>
      <Unit45>
        <Filename Value="..\..\..\..\Fontes\ACBrDFe\ACBrDFeSSL.pas"/>
        <EditorIndex Value="-1"/>
        <TopLine Value="79"/>
        <CursorPos X="14" Y="94"/>
        <UsageCount Value="6"/>
      </Unit45>
      <Unit46>
        <Filename Value="..\..\..\..\Fontes\ACBrDFe\ACBrDFeHttpOpenSSL.pas"/>
        <EditorIndex Value="-1"/>
        <TopLine Value="169"/>
        <CursorPos X="3" Y="144"/>
        <UsageCount Value="6"/>
      </Unit46>
      <Unit47>
        <Filename Value="C:\lazarus\fpc\3.2.2\source\rtl\objpas\sysutils\sysstrh.inc"/>
        <EditorIndex Value="-1"/>
        <TopLine Value="103"/>
        <CursorPos X="10" Y="120"/>
        <UsageCount Value="7"/>
      </Unit47>
      <Unit48>
        <Filename Value="C:\lazarus\fpc\3.2.2\source\rtl\inc\ctypes.pp"/>
        <EditorIndex Value="-1"/>
        <TopLine Value="62"/>
        <CursorPos X="35" Y="84"/>
        <UsageCount Value="12"/>
      </Unit48>
      <Unit49>
        <Filename Value="..\..\..\..\Fontes\Terceiros\synalist\synafpc.pas"/>
        <EditorIndex Value="-1"/>
        <TopLine Value="97"/>
        <CursorPos X="10" Y="115"/>
        <UsageCount Value="7"/>
      </Unit49>
      <Unit50>
        <Filename Value="..\..\..\..\Fontes\ACBrDFe\ACBrDFe.pas"/>
        <EditorIndex Value="-1"/>
        <UsageCount Value="6"/>
      </Unit50>
      <Unit51>
        <Filename Value="..\..\..\..\Fontes\ACBrDFe\ACBrDFeConfiguracoes.pas"/>
        <EditorIndex Value="-1"/>
        <TopLine Value="868"/>
        <CursorPos Y="897"/>
        <UsageCount Value="6"/>
      </Unit51>
      <Unit52>
        <Filename Value="..\..\..\ACBrSAT\Lazarus\unit1.pas"/>
        <UnitName Value="Unit1"/>
        <EditorIndex Value="-1"/>
        <TopLine Value="388"/>
        <CursorPos Y="403"/>
        <UsageCount Value="6"/>
      </Unit52>
      <Unit53>
        <Filename Value="..\..\..\..\Fontes\ACBrOpenSSL\ACBrOpenSSLReg.pas"/>
        <EditorIndex Value="7"/>
        <TopLine Value="24"/>
        <CursorPos X="71" Y="47"/>
        <UsageCount Value="32"/>
        <Loaded Value="True"/>
      </Unit53>
      <Unit54>
        <Filename Value="OpenSSLUtilsTeste1.lfm"/>
        <EditorIndex Value="-1"/>
        <TopLine Value="785"/>
        <CursorPos Y="822"/>
        <UsageCount Value="6"/>
        <DefaultSyntaxHighlighter Value="LFM"/>
      </Unit54>
    </Units>
    <JumpHistory Count="26" HistoryIndex="25">
      <Position1>
        <Filename Value="..\..\..\..\Fontes\Terceiros\synalist\ssl_openssl.pas"/>
        <Caret Line="123" Column="14" TopLine="115"/>
      </Position1>
      <Position2>
        <Filename Value="..\..\..\..\Fontes\Terceiros\synalist\ssl_openssl.pas"/>
        <Caret Line="278" Column="39" TopLine="246"/>
      </Position2>
      <Position3>
        <Filename Value="..\..\..\..\Fontes\Terceiros\synalist\ssl_openssl_lib.pas"/>
        <Caret Line="818" Column="33" TopLine="811"/>
      </Position3>
      <Position4>
        <Filename Value="..\..\..\..\Fontes\Terceiros\synalist\ssl_openssl_lib.pas"/>
        <Caret Line="947" Column="25" TopLine="916"/>
      </Position4>
      <Position5>
        <Filename Value="..\..\..\..\Fontes\Terceiros\synalist\ssl_openssl_lib.pas"/>
        <Caret Line="1056" Column="49" TopLine="1025"/>
      </Position5>
      <Position6>
        <Filename Value="..\..\..\..\Fontes\Terceiros\synalist\ssl_openssl_lib.pas"/>
        <Caret Line="1732" Column="31" TopLine="1701"/>
      </Position6>
      <Position7>
        <Filename Value="..\..\..\..\Fontes\Terceiros\synalist\ssl_openssl_lib.pas"/>
        <Caret Line="1735" Column="58" TopLine="1704"/>
      </Position7>
      <Position8>
        <Filename Value="..\..\..\..\Fontes\Terceiros\synalist\ssl_openssl_lib.pas"/>
        <Caret Line="1736" Column="37" TopLine="1705"/>
      </Position8>
      <Position9>
        <Filename Value="..\..\..\..\Fontes\ACBrOpenSSL\OpenSSLExt.pas"/>
        <Caret Line="1776" Column="48" TopLine="1769"/>
      </Position9>
      <Position10>
        <Filename Value="..\..\..\..\Fontes\ACBrOpenSSL\OpenSSLExt.pas"/>
      </Position10>
      <Position11>
        <Filename Value="..\..\..\..\Fontes\ACBrOpenSSL\OpenSSLExt.pas"/>
        <Caret Line="5131" Column="83" TopLine="5100"/>
      </Position11>
      <Position12>
        <Filename Value="..\..\..\..\Fontes\ACBrOpenSSL\OpenSSLExt.pas"/>
        <Caret Line="1968" Column="25" TopLine="1949"/>
      </Position12>
      <Position13>
        <Filename Value="..\..\..\..\Fontes\ACBrOpenSSL\OpenSSLExt.pas"/>
        <Caret Line="3006" Column="33" TopLine="2976"/>
      </Position13>
      <Position14>
        <Filename Value="..\..\..\..\Fontes\Terceiros\synalist\ssl_openssl.pas"/>
        <Caret Line="221" Column="54" TopLine="197"/>
      </Position14>
      <Position15>
        <Filename Value="..\..\..\..\Fontes\Terceiros\synalist\ssl_openssl.pas"/>
        <Caret Line="119" Column="29" TopLine="115"/>
      </Position15>
      <Position16>
        <Filename Value="..\..\..\..\Fontes\Terceiros\synalist\ssl_openssl.pas"/>
        <Caret Line="436" Column="3" TopLine="451"/>
      </Position16>
      <Position17>
        <Filename Value="..\..\..\..\Fontes\Terceiros\synalist\ssl_openssl.pas"/>
        <Caret Line="121" Column="22" TopLine="109"/>
      </Position17>
      <Position18>
        <Filename Value="..\..\..\..\Fontes\Terceiros\synalist\ssl_openssl.pas"/>
        <Caret Line="527" Column="3" TopLine="525"/>
      </Position18>
      <Position19>
        <Filename Value="..\..\..\..\Fontes\Terceiros\synalist\ssl_openssl.pas"/>
        <Caret Line="119" Column="14" TopLine="102"/>
      </Position19>
      <Position20>
        <Filename Value="..\..\..\..\Fontes\Terceiros\synalist\ssl_openssl.pas"/>
        <Caret Line="516" Column="3" TopLine="449"/>
      </Position20>
      <Position21>
        <Filename Value="..\..\..\..\Fontes\Terceiros\synalist\ssl_openssl.pas"/>
        <Caret Line="122" Column="21" TopLine="101"/>
      </Position21>
      <Position22>
        <Filename Value="..\..\..\..\Fontes\Terceiros\synalist\ssl_openssl.pas"/>
        <Caret Line="331" Column="29" TopLine="300"/>
      </Position22>
      <Position23>
        <Filename Value="..\..\..\..\Fontes\Terceiros\synalist\ssl_openssl.pas"/>
        <Caret Line="408" Column="23" TopLine="380"/>
      </Position23>
      <Position24>
        <Filename Value="..\..\..\..\Fontes\Terceiros\synalist\ssl_openssl.pas"/>
        <Caret Line="118" Column="24" TopLine="99"/>
      </Position24>
      <Position25>
        <Filename Value="..\..\..\..\Fontes\Terceiros\synalist\ssl_openssl.pas"/>
        <Caret Line="372" Column="32" TopLine="341"/>
      </Position25>
      <Position26>
        <Filename Value="..\..\..\..\Fontes\ACBrOpenSSL\ACBrOpenSSLUtils.pas"/>
        <Caret Line="145" Column="49" TopLine="123"/>
      </Position26>
    </JumpHistory>
  </ProjectOptions>
  <CompilerOptions>
    <Version Value="11"/>
    <PathDelim Value="\"/>
    <Target>
      <Filename Value="OpenSSLUtilsTeste"/>
    </Target>
    <SearchPaths>
      <IncludeFiles Value="$(ProjOutDir)"/>
      <UnitOutputDirectory Value="lib\$(TargetCPU)-$(TargetOS)"/>
    </SearchPaths>
    <Linking>
      <Debugging>
        <UseHeaptrc Value="True"/>
      </Debugging>
      <Options>
        <Win32>
          <GraphicApplication Value="True"/>
        </Win32>
      </Options>
    </Linking>
  </CompilerOptions>
  <Debugging>
    <BreakPoints Count="2">
      <Item1>
        <Kind Value="bpkSource"/>
        <WatchScope Value="wpsLocal"/>
        <WatchKind Value="wpkWrite"/>
        <Source Value="..\..\..\..\Fontes\ACBrOpenSSL\ACBrEAD.pas"/>
        <Line Value="859"/>
      </Item1>
      <Item2>
        <Kind Value="bpkSource"/>
        <WatchScope Value="wpsLocal"/>
        <WatchKind Value="wpkWrite"/>
        <Source Value="..\..\..\..\Fontes\ACBrDFe\ACBrDFeOpenSSL.pas"/>
        <Line Value="553"/>
      </Item2>
    </BreakPoints>
    <Exceptions Count="5">
      <Item1>
        <Name Value="EAbort"/>
      </Item1>
      <Item2>
        <Name Value="ECodetoolError"/>
      </Item2>
      <Item3>
        <Name Value="EFOpenError"/>
      </Item3>
      <Item4>
        <Name Value="Exception"/>
      </Item4>
      <Item5>
        <Name Value="EACBrEADException"/>
      </Item5>
    </Exceptions>
  </Debugging>
</CONFIG>
