	<Project xmlns="http://schemas.microsoft.com/developer/msbuild/2003">
		<PropertyGroup>
			<ProjectGuid>{C8C28EE3-751C-47C4-87F0-2B0F4E767F05}</ProjectGuid>
			<ProjectVersion>12.3</ProjectVersion>
			<Base>True</Base>
			<Config Condition="'$(Config)'==''">Debug</Config>
			<Platform>Win32</Platform>
			<AppType>Application</AppType>
			<FrameworkType>VCL</FrameworkType>
			<DCC_DCCCompiler>DCC32</DCC_DCCCompiler>
			<MainSource>TestesTACrTXTClass.dpr</MainSource>
		</PropertyGroup>
		<PropertyGroup Condition="'$(Config)'=='Base' or '$(Base)'!=''">
			<Base>true</Base>
		</PropertyGroup>
		<PropertyGroup Condition="'$(Config)'=='Debug' or '$(Cfg_1)'!=''">
			<Cfg_1>true</Cfg_1>
			<CfgParent>Base</CfgParent>
			<Base>true</Base>
		</PropertyGroup>
		<PropertyGroup Condition="'$(Config)'=='Release' or '$(Cfg_2)'!=''">
			<Cfg_2>true</Cfg_2>
			<CfgParent>Base</CfgParent>
			<Base>true</Base>
		</PropertyGroup>
		<PropertyGroup Condition="'$(Base)'!=''">
			<DCC_UsePackage>vcl;CodeSiteExpressVcl;rtl;vclx;vclimg;dbrtl;adortl;vcldb;vclactnband;vcldbx;bdertl;dbexpress;DataSnapIndy10ServerTransport;DataSnapClient;xmlrtl;DbxClientDriver;DbxCommonDriver;dbxcds;vclie;inet;IndyProtocols;inetdbbde;inetdbxpress;DataSnapProviderClient;inetdb;dsnap;IndySystem;IndyCore;DataSnapServer;dsnapcon;DBXInterBaseDriver;DBXMySQLDriver;DBXFirebirdDriver;DBXSybaseASEDriver;DBXSybaseASADriver;DBXOracleDriver;DBXMSSQLDriver;DBXInformixDriver;DBXDb2Driver;vclib;ibxpress;webdsnap;vclribbon;soaprtl;VclSmp;vcltouch;websnap;AzureCloud;JclDeveloperTools;Jcl;JclContainers;JclVcl;JvCore;JvSystem;JvStdCtrls;JvAppFrm;JvDB;JvDlgs;JvBDE;JvControls;JvBands;JvCustom;JvDocking;JvDotNetCtrls;JvCrypt;JvGlobus;JvHMI;JvPascalInterpreter;JvJans;JvManagedThreads;JvMM;JvNet;JvCmp;JvPageComps;JvPluginSystem;JvPrintPreview;JvRuntimeDesign;JvTimeFramework;JvWizards;JvXPCtrls;Rave90VCL;TeeUI;Tee;TeeDB;intrawebdb_110_150;Intraweb_110_150;frce;ACBr_Comum;ACBr_synapse;ACBr_OpenSSL;ACBr_Diversos;ACBr_Serial;ACBr_Convenio115;ACBr_LFD;ACBr_TXTComum;ACBr_PAF;ACBr_SEF2;ACBr_PCNComum;ACBr_Sintegra;ACBr_SPED;ACBr_SPEDImportar;ACBR_DeSTDA;ACBr_TCP;ACBr_Boleto;ACBr_NFe;ACBr_DFeComum;ACBr_NFCeECFVirtual;ACBr_NFeDanfeESCPOS;ACBr_CTe;ACBr_NFSe;ACBr_MDFe;ACBr_SAT;ACBr_SATECFVirtual;ACBr_SATExtratoESCPOS;ACBr_TEFD;ACBr_NFeDanfeRL;ACBr_CTeDacteRL;ACBr_NFSeDanfseRL;ACBr_BoletoRL;ACBr_MDFeDamdfeRL;ACBr_SATExtratoRL;ACBr_BlocoX</DCC_UsePackage>
			<DCC_Define>_CONSOLE_TESTRUNNER;$(DCC_Define)</DCC_Define>
			<DCC_UnitSearchPath>$(BDS)\Source\DUnit\src;$(DCC_UnitSearchPath)</DCC_UnitSearchPath>
			<DCC_DcuOutput>.</DCC_DcuOutput>
			<DCC_ExeOutput>.\$(Config)\$(Platform)</DCC_ExeOutput>
			<DCC_UnitAlias>WinTypes=Windows;WinProcs=Windows;DbiTypes=BDE;DbiProcs=BDE;$(DCC_UnitAlias)</DCC_UnitAlias>
			<DCC_ImageBase>00400000</DCC_ImageBase>
		</PropertyGroup>
		<PropertyGroup Condition="'$(Cfg_1)'!=''">
			<DCC_DcuOutput>.\DCU\$(Config)\$(Platform)</DCC_DcuOutput>
			<DCC_Define>DEBUG;$(DCC_Define)</DCC_Define>
			<DCC_GenerateStackFrames>true</DCC_GenerateStackFrames>
			<DCC_Optimize>false</DCC_Optimize>
		</PropertyGroup>
		<PropertyGroup Condition="'$(Cfg_2)'!=''">
			<DCC_Define>RELEASE;$(DCC_Define)</DCC_Define>
			<DCC_SymbolReferenceInfo>0</DCC_SymbolReferenceInfo>
			<DCC_LocalDebugSymbols>false</DCC_LocalDebugSymbols>
			<DCC_DebugInformation>false</DCC_DebugInformation>
		</PropertyGroup>
		<ItemGroup>
			<DelphiCompile Include="TestesTACrTXTClass.dpr">
				<MainSource>MainSource</MainSource>
			</DelphiCompile>
			<DCCReference Include="..\..\FPCUnit\ACBrTXTComum\acbrtxtclasstest.pas"/>
			<DCCReference Include="..\..\FPCUnit\ACBrTXTComum\acbrtxtclasstest2.pas"/>
			<BuildConfiguration Include="Release">
				<Key>Cfg_2</Key>
				<CfgParent>Base</CfgParent>
			</BuildConfiguration>
			<BuildConfiguration Include="Base">
				<Key>Base</Key>
			</BuildConfiguration>
			<BuildConfiguration Include="Debug">
				<Key>Cfg_1</Key>
				<CfgParent>Base</CfgParent>
			</BuildConfiguration>
		</ItemGroup>
		<Import Condition="Exists('$(BDS)\Bin\CodeGear.Delphi.Targets')" Project="$(BDS)\Bin\CodeGear.Delphi.Targets"/>
		<Import Condition="Exists('$(APPDATA)\Embarcadero\$(BDSAPPDATABASEDIR)\$(PRODUCTVERSION)\UserTools.proj')" Project="$(APPDATA)\Embarcadero\$(BDSAPPDATABASEDIR)\$(PRODUCTVERSION)\UserTools.proj"/>
		<ProjectExtensions>
			<Borland.Personality>Delphi.Personality.12</Borland.Personality>
			<Borland.ProjectType/>
			<BorlandProject>
				<Delphi.Personality>
					<VersionInfo>
						<VersionInfo Name="IncludeVerInfo">False</VersionInfo>
						<VersionInfo Name="AutoIncBuild">False</VersionInfo>
						<VersionInfo Name="MajorVer">1</VersionInfo>
						<VersionInfo Name="MinorVer">0</VersionInfo>
						<VersionInfo Name="Release">0</VersionInfo>
						<VersionInfo Name="Build">0</VersionInfo>
						<VersionInfo Name="Debug">False</VersionInfo>
						<VersionInfo Name="PreRelease">False</VersionInfo>
						<VersionInfo Name="Special">False</VersionInfo>
						<VersionInfo Name="Private">False</VersionInfo>
						<VersionInfo Name="DLL">False</VersionInfo>
						<VersionInfo Name="Locale">1046</VersionInfo>
						<VersionInfo Name="CodePage">1252</VersionInfo>
					</VersionInfo>
					<VersionInfoKeys>
						<VersionInfoKeys Name="CompanyName"/>
						<VersionInfoKeys Name="FileDescription"/>
						<VersionInfoKeys Name="FileVersion">1.0.0.0</VersionInfoKeys>
						<VersionInfoKeys Name="InternalName"/>
						<VersionInfoKeys Name="LegalCopyright"/>
						<VersionInfoKeys Name="LegalTrademarks"/>
						<VersionInfoKeys Name="OriginalFilename"/>
						<VersionInfoKeys Name="ProductName"/>
						<VersionInfoKeys Name="ProductVersion">1.0.0.0</VersionInfoKeys>
						<VersionInfoKeys Name="Comments"/>
					</VersionInfoKeys>
					<Source>
						<Source Name="MainSource">TestesTACrTXTClass.dpr</Source>
					</Source>
				</Delphi.Personality>
				<Platforms>
					<Platform value="Win32">True</Platform>
				</Platforms>
				<UnitTesting>
					<TestFramework>DUnit / Delphi Win32</TestFramework>
					<TestRunner>GUI</TestRunner>
					<TestProjectName/>
					<SourceProjectName/>
				</UnitTesting>
			</BorlandProject>
			<ProjectFileVersion>12</ProjectFileVersion>
		</ProjectExtensions>
	</Project>
