<?xml version="1.0" encoding="UTF-8"?>
<CONFIG>
  <ProjectOptions>
    <Version Value="11"/>
    <PathDelim Value="\"/>
    <General>
      <Flags>
        <MainUnitHasCreateFormStatements Value="False"/>
        <MainUnitHasTitleStatement Value="False"/>
        <MainUnitHasScaledStatement Value="False"/>
      </Flags>
      <SessionStorage Value="InProjectDir"/>
      <MainUnit Value="0"/>
      <Title Value="ACBrLibSat"/>
      <ResourceType Value="res"/>
    </General>
    <VersionInfo>
      <UseVersionInfo Value="True"/>
      <RevisionNr Value="1"/>
      <Language Value="0416"/>
      <Attributes pvaPreRelease="True"/>
      <StringTable CompanyName="Projeto ACBr" FileDescription="ACBrLibSAT - Biblioteca para comunicação com equipamentos SAT ﻿usando ACBrSAT" InternalName="ACBrLibSAT" LegalCopyright="Projeto ACBr" LegalTrademarks="Projeto ACBr" ProductVersion="0.0.0.0"/>
    </VersionInfo>
    <BuildModes Count="5">
      <Item1 Name="x86 - CDECL" Default="True"/>
      <Item2 Name="x64 - CDECL">
        <CompilerOptions>
          <Version Value="11"/>
          <PathDelim Value="\"/>
          <Target>
            <Filename Value="bin\Cdecl\ACBrSAT64"/>
          </Target>
          <SearchPaths>
            <IncludeFiles Value="$(ProjOutDir);..\Comum"/>
            <OtherUnitFiles Value="..\Comum;..\Mail;..\PosPrinter"/>
            <UnitOutputDirectory Value="lib\$(TargetCPU)-$(TargetOS)"/>
          </SearchPaths>
          <Parsing>
            <SyntaxOptions>
              <SyntaxMode Value="Delphi"/>
            </SyntaxOptions>
          </Parsing>
          <CodeGeneration>
            <SmartLinkUnit Value="True"/>
            <TargetCPU Value="x86_64"/>
            <Optimizations>
              <OptimizationLevel Value="3"/>
            </Optimizations>
            <SmallerCode Value="True"/>
          </CodeGeneration>
          <Linking>
            <Debugging>
              <GenerateDebugInfo Value="False"/>
              <UseLineInfoUnit Value="False"/>
              <StripSymbols Value="True"/>
            </Debugging>
            <LinkSmart Value="True"/>
            <Options>
              <ExecutableType Value="Library"/>
            </Options>
          </Linking>
          <Other>
            <CustomOptions Value="-dNOGUI"/>
          </Other>
        </CompilerOptions>
      </Item2>
      <Item3 Name="x86 - STDCALL">
        <CompilerOptions>
          <Version Value="11"/>
          <PathDelim Value="\"/>
          <Target>
            <Filename Value="bin\StdCall\ACBrSAT32"/>
          </Target>
          <SearchPaths>
            <IncludeFiles Value="$(ProjOutDir);..\Comum"/>
            <OtherUnitFiles Value="..\Comum;..\Mail;..\PosPrinter"/>
            <UnitOutputDirectory Value="lib\$(TargetCPU)-$(TargetOS)"/>
          </SearchPaths>
          <Parsing>
            <SyntaxOptions>
              <SyntaxMode Value="Delphi"/>
            </SyntaxOptions>
          </Parsing>
          <CodeGeneration>
            <SmartLinkUnit Value="True"/>
            <TargetCPU Value="i386"/>
            <Optimizations>
              <OptimizationLevel Value="3"/>
            </Optimizations>
            <SmallerCode Value="True"/>
          </CodeGeneration>
          <Linking>
            <Debugging>
              <GenerateDebugInfo Value="False"/>
              <StripSymbols Value="True"/>
            </Debugging>
            <LinkSmart Value="True"/>
            <Options>
              <ExecutableType Value="Library"/>
            </Options>
          </Linking>
          <Other>
            <CustomOptions Value="-dSTDCALL
-dNOGUI"/>
          </Other>
        </CompilerOptions>
      </Item3>
      <Item4 Name="x64 - STDCALL">
        <CompilerOptions>
          <Version Value="11"/>
          <PathDelim Value="\"/>
          <Target>
            <Filename Value="bin\StdCall\ACBrSAT64"/>
          </Target>
          <SearchPaths>
            <IncludeFiles Value="$(ProjOutDir);..\Comum"/>
            <OtherUnitFiles Value="..\Comum;..\Mail;..\PosPrinter"/>
            <UnitOutputDirectory Value="lib\$(TargetCPU)-$(TargetOS)"/>
          </SearchPaths>
          <Parsing>
            <SyntaxOptions>
              <SyntaxMode Value="Delphi"/>
            </SyntaxOptions>
          </Parsing>
          <CodeGeneration>
            <SmartLinkUnit Value="True"/>
            <TargetCPU Value="x86_64"/>
            <Optimizations>
              <OptimizationLevel Value="3"/>
            </Optimizations>
            <SmallerCode Value="True"/>
          </CodeGeneration>
          <Linking>
            <Debugging>
              <GenerateDebugInfo Value="False"/>
              <StripSymbols Value="True"/>
            </Debugging>
            <LinkSmart Value="True"/>
            <Options>
              <ExecutableType Value="Library"/>
            </Options>
          </Linking>
          <Other>
            <CustomOptions Value="-dSTDCALL
-dNOGUI"/>
          </Other>
        </CompilerOptions>
      </Item4>
      <Item5 Name="x86 - CDECL - DEBUG">
        <CompilerOptions>
          <Version Value="11"/>
          <PathDelim Value="\"/>
          <Target>
            <Filename Value="..\..\Testes\SAT\bin\ACBrSAT32"/>
          </Target>
          <SearchPaths>
            <IncludeFiles Value="$(ProjOutDir);..\Comum"/>
            <OtherUnitFiles Value="..\Comum;..\Mail;..\PosPrinter"/>
            <UnitOutputDirectory Value="lib\$(TargetCPU)-$(TargetOS)"/>
          </SearchPaths>
          <Parsing>
            <SyntaxOptions>
              <SyntaxMode Value="Delphi"/>
            </SyntaxOptions>
          </Parsing>
          <CodeGeneration>
            <SmartLinkUnit Value="True"/>
            <TargetCPU Value="i386"/>
            <Optimizations>
              <OptimizationLevel Value="3"/>
            </Optimizations>
            <SmallerCode Value="True"/>
          </CodeGeneration>
          <Linking>
            <Debugging>
              <UseHeaptrc Value="True"/>
              <TrashVariables Value="True"/>
            </Debugging>
            <LinkSmart Value="True"/>
            <Options>
              <ExecutableType Value="Library"/>
            </Options>
          </Linking>
          <Other>
            <CustomOptions Value="-dDEBUG"/>
          </Other>
        </CompilerOptions>
      </Item5>
    </BuildModes>
    <PublishOptions>
      <Version Value="2"/>
    </PublishOptions>
    <RunParams>
      <local>
        <HostApplicationFilename Value="C:\dj\ACBr\Projetos\ACBrLib\Testes\SAT\bin\ACBrLibSATTest.exe"/>
      </local>
      <FormatVersion Value="2"/>
      <Modes Count="1">
        <Mode0 Name="default">
          <local>
            <HostApplicationFilename Value="C:\dj\ACBr\Projetos\ACBrLib\Testes\SAT\bin\ACBrLibSATTest.exe"/>
          </local>
        </Mode0>
      </Modes>
    </RunParams>
    <RequiredPackages Count="4">
      <Item1>
        <PackageName Value="ACBr_Integrador"/>
      </Item1>
      <Item2>
        <PackageName Value="ACBr_SAT_Extrato_Fortes"/>
      </Item2>
      <Item3>
        <PackageName Value="ACBr_SAT_Extrato_ESCPOS"/>
      </Item3>
      <Item4>
        <PackageName Value="ACBr_SAT"/>
      </Item4>
    </RequiredPackages>
    <Units Count="13">
      <Unit0>
        <Filename Value="ACBrLibSAT.lpr"/>
        <IsPartOfProject Value="True"/>
        <UnitName Value="ACBrLibSat"/>
      </Unit0>
      <Unit1>
        <Filename Value="..\Comum\ACBrLibComum.pas"/>
        <IsPartOfProject Value="True"/>
      </Unit1>
      <Unit2>
        <Filename Value="..\Comum\ACBrLibConfig.pas"/>
        <IsPartOfProject Value="True"/>
      </Unit2>
      <Unit3>
        <Filename Value="..\Comum\ACBrLibConsts.pas"/>
        <IsPartOfProject Value="True"/>
      </Unit3>
      <Unit4>
        <Filename Value="..\Comum\ACBrLibResposta.pas"/>
        <IsPartOfProject Value="True"/>
      </Unit4>
      <Unit5>
        <Filename Value="ACBrLibSATDataModule.pas"/>
        <IsPartOfProject Value="True"/>
        <ComponentName Value="LibSatDM"/>
        <HasResources Value="True"/>
        <ResourceBaseClass Value="DataModule"/>
        <UnitName Value="ACBrLibSatDataModule"/>
      </Unit5>
      <Unit6>
        <Filename Value="ACBrLibSATConsts.pas"/>
        <IsPartOfProject Value="True"/>
      </Unit6>
      <Unit7>
        <Filename Value="ACBrLibSATRespostas.pas"/>
        <IsPartOfProject Value="True"/>
      </Unit7>
      <Unit8>
        <Filename Value="ACBrLibSATConfig.pas"/>
        <IsPartOfProject Value="True"/>
      </Unit8>
      <Unit9>
        <Filename Value="ACBrLibSATClass.pas"/>
        <IsPartOfProject Value="True"/>
      </Unit9>
      <Unit10>
        <Filename Value="..\Comum\ACBrIntegradorConfig.pas"/>
        <IsPartOfProject Value="True"/>
      </Unit10>
      <Unit11>
        <Filename Value="..\Mail\ACBrLibMailImport.pas"/>
        <IsPartOfProject Value="True"/>
      </Unit11>
      <Unit12>
        <Filename Value="..\PosPrinter\ACBrLibPosPrinterImport.pas"/>
        <IsPartOfProject Value="True"/>
      </Unit12>
    </Units>
  </ProjectOptions>
  <CompilerOptions>
    <Version Value="11"/>
    <PathDelim Value="\"/>
    <Target>
      <Filename Value="bin\Cdecl\ACBrSAT32"/>
    </Target>
    <SearchPaths>
      <IncludeFiles Value="$(ProjOutDir)"/>
      <OtherUnitFiles Value="..\Comum;..\Mail;..\PosPrinter"/>
      <UnitOutputDirectory Value="lib\$(TargetCPU)-$(TargetOS)"/>
    </SearchPaths>
    <Parsing>
      <SyntaxOptions>
        <SyntaxMode Value="Delphi"/>
      </SyntaxOptions>
    </Parsing>
    <CodeGeneration>
      <RelocatableUnit Value="True"/>
      <TargetCPU Value="i386"/>
    </CodeGeneration>
    <Linking>
      <Debugging>
        <GenerateDebugInfo Value="False"/>
        <StripSymbols Value="True"/>
      </Debugging>
      <Options>
        <ExecutableType Value="Library"/>
      </Options>
    </Linking>
  </CompilerOptions>
  <Debugging>
    <Exceptions Count="4">
      <Item1>
        <Name Value="EAbort"/>
      </Item1>
      <Item2>
        <Name Value="ECodetoolError"/>
      </Item2>
      <Item3>
        <Name Value="EFOpenError"/>
      </Item3>
      <Item4>
        <Name Value="EAssertionFailedError"/>
      </Item4>
    </Exceptions>
  </Debugging>
</CONFIG>
