<?xml version="1.0" encoding="UTF-8"?>
<CONFIG>
  <ProjectOptions>
    <Version Value="9"/>
    <PathDelim Value="\"/>
    <General>
      <Flags>
        <MainUnitHasCreateFormStatements Value="False"/>
      </Flags>
      <MainUnit Value="0"/>
      <Title Value="ACBrMonitorConsole"/>
      <UseAppBundle Value="False"/>
      <ActiveWindowIndexAtStart Value="0"/>
    </General>
    <i18n>
      <EnableI18N LFM="False"/>
    </i18n>
    <VersionInfo>
      <StringTable ProductVersion=""/>
    </VersionInfo>
    <BuildModes Count="2" Active="Release">
      <Item1 Name="Debug" Default="True"/>
      <Item2 Name="Release">
        <CompilerOptions>
          <Version Value="11"/>
          <PathDelim Value="\"/>
          <Target>
            <Filename Value="ACBrMonitorConsole"/>
          </Target>
          <SearchPaths>
            <IncludeFiles Value="$(ProjOutDir);..\..\..\Fontes\ACBrComum"/>
            <OtherUnitFiles Value="..\..\..\Fontes\ACBrSerial;..\..\..\Fontes\ACBrTCP;..\..\..\Fontes\ACBrComum;..\..\..\Fontes\ACBrDiversos;..\..\..\Fontes\synalist"/>
            <UnitOutputDirectory Value="ACBrMonitorConsoleLib\$(TargetCPU)-$(TargetOS)"/>
          </SearchPaths>
          <Linking>
            <Debugging>
              <GenerateDebugInfo Value="False"/>
              <UseLineInfoUnit Value="False"/>
              <StripSymbols Value="True"/>
            </Debugging>
            <LinkSmart Value="True"/>
          </Linking>
          <Other>
            <CompilerMessages>
              <UseMsgFile Value="True"/>
            </CompilerMessages>
            <CustomOptions Value="-dNOGUI
-dUseCThreads"/>
            <CompilerPath Value="$(CompPath)"/>
          </Other>
        </CompilerOptions>
      </Item2>
    </BuildModes>
    <PublishOptions>
      <Version Value="2"/>
      <IncludeFileFilter Value="*.(pas|pp|inc|lfm|lpr|lrs|lpi|lpk|sh|xml)"/>
      <ExcludeFileFilter Value="*.(bak|ppu|ppw|o|so);*~;backup"/>
    </PublishOptions>
    <RunParams>
      <local>
        <FormatVersion Value="1"/>
        <LaunchingApplication PathPlusParams="\usr\bin\xterm -T 'Lazarus Run Output' -e $(LazarusDir)\tools\runwait.sh $(TargetCmdLine)"/>
      </local>
    </RunParams>
    <RequiredPackages Count="2">
      <Item1>
        <PackageName Value="LazUtils"/>
      </Item1>
      <Item2>
        <PackageName Value="FCL"/>
      </Item2>
    </RequiredPackages>
    <Units Count="53">
      <Unit0>
        <Filename Value="ACBrMonitorConsole.lpr"/>
        <IsPartOfProject Value="True"/>
        <UnitName Value="ACBrMonitorConsole"/>
        <IsVisibleTab Value="True"/>
        <EditorIndex Value="0"/>
        <WindowIndex Value="0"/>
        <TopLine Value="31"/>
        <CursorPos X="1" Y="35"/>
        <UsageCount Value="41"/>
        <Loaded Value="True"/>
      </Unit0>
      <Unit1>
        <Filename Value="ACBrMonitorConsoleDM.pas"/>
        <IsPartOfProject Value="True"/>
        <ComponentName Value="dm"/>
        <HasResources Value="True"/>
        <ResourceBaseClass Value="DataModule"/>
        <UnitName Value="ACBrMonitorConsoleDM"/>
        <EditorIndex Value="1"/>
        <WindowIndex Value="0"/>
        <TopLine Value="25"/>
        <CursorPos X="28" Y="31"/>
        <UsageCount Value="41"/>
        <Loaded Value="True"/>
        <LoadedDesigner Value="True"/>
      </Unit1>
      <Unit2>
        <Filename Value="C:\lazarus\fpc\2.4.3\source\packages\fcl-base\src\custapp.pp"/>
        <UnitName Value="CustApp"/>
        <WindowIndex Value="0"/>
        <TopLine Value="278"/>
        <CursorPos X="3" Y="281"/>
        <UsageCount Value="9"/>
      </Unit2>
      <Unit3>
        <Filename Value="ACBrMonitor1.pas"/>
        <ComponentName Value="FrmACBrMonitor"/>
        <HasResources Value="True"/>
        <ResourceBaseClass Value="Form"/>
        <UnitName Value="ACBrMonitor1"/>
        <WindowIndex Value="0"/>
        <TopLine Value="1"/>
        <CursorPos X="1" Y="1"/>
        <UsageCount Value="10"/>
      </Unit3>
      <Unit4>
        <Filename Value="CmdUnit.pas"/>
        <UnitName Value="CmdUnit"/>
        <WindowIndex Value="0"/>
        <TopLine Value="49"/>
        <CursorPos X="14" Y="56"/>
        <UsageCount Value="10"/>
      </Unit4>
      <Unit5>
        <Filename Value="DoETQUnit.pas"/>
        <IsPartOfProject Value="True"/>
        <UnitName Value="DoETQUnit"/>
        <WindowIndex Value="0"/>
        <TopLine Value="31"/>
        <CursorPos X="22" Y="45"/>
        <UsageCount Value="40"/>
      </Unit5>
      <Unit6>
        <Filename Value="DoACBrUnit.pas"/>
        <IsPartOfProject Value="True"/>
        <UnitName Value="DoACBrUnit"/>
        <WindowIndex Value="0"/>
        <TopLine Value="38"/>
        <CursorPos X="27" Y="43"/>
        <UsageCount Value="40"/>
      </Unit6>
      <Unit7>
        <Filename Value="DoECFBemafi32.pas"/>
        <IsPartOfProject Value="True"/>
        <UnitName Value="DoECFBemafi32"/>
        <WindowIndex Value="0"/>
        <TopLine Value="32"/>
        <CursorPos X="23" Y="48"/>
        <UsageCount Value="40"/>
      </Unit7>
      <Unit8>
        <Filename Value="..\..\..\Fontes\ACBrSerial\ACBrDevice.pas"/>
        <UnitName Value="ACBrDevice"/>
        <WindowIndex Value="0"/>
        <TopLine Value="16"/>
        <CursorPos X="35" Y="23"/>
        <UsageCount Value="10"/>
      </Unit8>
      <Unit9>
        <Filename Value="..\..\..\Fontes\ACBrComum\ACBr.inc"/>
        <WindowIndex Value="0"/>
        <TopLine Value="538"/>
        <CursorPos X="23" Y="552"/>
        <UsageCount Value="10"/>
      </Unit9>
      <Unit10>
        <Filename Value="DoLCBUnit.pas"/>
        <IsPartOfProject Value="True"/>
        <UnitName Value="DoLCBUnit"/>
        <UsageCount Value="40"/>
      </Unit10>
      <Unit11>
        <Filename Value="DoBALUnit.pas"/>
        <IsPartOfProject Value="True"/>
        <UnitName Value="DoBALUnit"/>
        <UsageCount Value="40"/>
      </Unit11>
      <Unit12>
        <Filename Value="DoCEPUnit.pas"/>
        <IsPartOfProject Value="True"/>
        <UnitName Value="DoCEPUnit"/>
        <UsageCount Value="40"/>
      </Unit12>
      <Unit13>
        <Filename Value="DoCHQUnit.pas"/>
        <IsPartOfProject Value="True"/>
        <UnitName Value="DoCHQUnit"/>
        <UsageCount Value="40"/>
      </Unit13>
      <Unit14>
        <Filename Value="DoDISUnit.pas"/>
        <IsPartOfProject Value="True"/>
        <UnitName Value="DoDISUnit"/>
        <UsageCount Value="40"/>
      </Unit14>
      <Unit15>
        <Filename Value="DoECFObserver.pas"/>
        <IsPartOfProject Value="True"/>
        <UnitName Value="DoECFObserver"/>
        <UsageCount Value="40"/>
      </Unit15>
      <Unit16>
        <Filename Value="DoECFUnit.pas"/>
        <IsPartOfProject Value="True"/>
        <UnitName Value="DoECFUnit"/>
        <WindowIndex Value="0"/>
        <TopLine Value="862"/>
        <CursorPos X="37" Y="887"/>
        <UsageCount Value="40"/>
      </Unit16>
      <Unit17>
        <Filename Value="DoGAVUnit.pas"/>
        <IsPartOfProject Value="True"/>
        <UnitName Value="DoGAVUnit"/>
        <UsageCount Value="40"/>
      </Unit17>
      <Unit18>
        <Filename Value="DoIBGEUnit.pas"/>
        <IsPartOfProject Value="True"/>
        <UnitName Value="DoIBGEUnit"/>
        <UsageCount Value="40"/>
      </Unit18>
      <Unit19>
        <Filename Value="..\..\..\Fontes\ACBrTCP\ACBrSocket.pas"/>
        <UnitName Value="ACBrSocket"/>
        <WindowIndex Value="0"/>
        <TopLine Value="271"/>
        <CursorPos X="51" Y="271"/>
        <UsageCount Value="10"/>
      </Unit19>
      <Unit20>
        <Filename Value="..\..\..\Pacotes\Lazarus\ACBrSerial.pas"/>
        <UnitName Value="ACBrSerial"/>
        <WindowIndex Value="0"/>
        <TopLine Value="6"/>
        <CursorPos X="33" Y="33"/>
        <UsageCount Value="9"/>
      </Unit20>
      <Unit21>
        <Filename Value="..\..\..\Fontes\ACBrComum\ACBrBase.pas"/>
        <UnitName Value="ACBrBase"/>
        <WindowIndex Value="0"/>
        <TopLine Value="57"/>
        <CursorPos X="42" Y="80"/>
        <UsageCount Value="9"/>
      </Unit21>
      <Unit22>
        <Filename Value="..\..\..\Fontes\ACBrComum\ACBrUtil.pas"/>
        <UnitName Value="ACBrUtil"/>
        <WindowIndex Value="0"/>
        <TopLine Value="77"/>
        <CursorPos X="23" Y="89"/>
        <UsageCount Value="9"/>
      </Unit22>
      <Unit23>
        <Filename Value="..\..\..\Fontes\ACBrSerial\ACBrECF.pas"/>
        <UnitName Value="ACBrECF"/>
        <WindowIndex Value="0"/>
        <TopLine Value="3137"/>
        <CursorPos X="37" Y="3176"/>
        <UsageCount Value="9"/>
      </Unit23>
      <Unit24>
        <Filename Value="..\..\..\Fontes\ACBrComum\ACBrEAD.pas"/>
        <UnitName Value="ACBrEAD"/>
        <WindowIndex Value="0"/>
        <TopLine Value="111"/>
        <CursorPos X="14" Y="125"/>
        <UsageCount Value="9"/>
      </Unit24>
      <Unit25>
        <Filename Value="..\..\..\Fontes\ACBrSerial\ACBrCHQImpressoraComum.pas"/>
        <UnitName Value="ACBrCHQImpressoraComum"/>
        <WindowIndex Value="0"/>
        <TopLine Value="1"/>
        <CursorPos X="1" Y="1"/>
        <UsageCount Value="9"/>
      </Unit25>
      <Unit26>
        <Filename Value="..\..\..\Fontes\ACBrSerial\ACBrETQClass.pas"/>
        <UnitName Value="ACBrETQClass"/>
        <WindowIndex Value="0"/>
        <TopLine Value="48"/>
        <CursorPos X="61" Y="56"/>
        <UsageCount Value="9"/>
      </Unit26>
      <Unit27>
        <Filename Value="..\..\..\Fontes\ACBrSerial\ACBrETQ.pas"/>
        <UnitName Value="ACBrETQ"/>
        <WindowIndex Value="0"/>
        <TopLine Value="129"/>
        <CursorPos X="29" Y="137"/>
        <UsageCount Value="9"/>
      </Unit27>
      <Unit28>
        <Filename Value="..\..\..\Fontes\ACBrSerial\ACBrETQPpla.pas"/>
        <UnitName Value="ACBrETQPpla"/>
        <WindowIndex Value="0"/>
        <TopLine Value="314"/>
        <CursorPos X="20" Y="329"/>
        <UsageCount Value="9"/>
      </Unit28>
      <Unit29>
        <Filename Value="C:\lazarus\fpc\2.4.3\source\rtl\objpas\sysutils\sysstrh.inc"/>
        <WindowIndex Value="0"/>
        <TopLine Value="53"/>
        <CursorPos X="5" Y="67"/>
        <UsageCount Value="9"/>
      </Unit29>
      <Unit30>
        <Filename Value="..\..\..\Fontes\synalist\blcksock.pas"/>
        <UnitName Value="blcksock"/>
        <WindowIndex Value="0"/>
        <TopLine Value="583"/>
        <CursorPos X="15" Y="597"/>
        <UsageCount Value="10"/>
      </Unit30>
      <Unit31>
        <Filename Value="C:\lazarus\fpc\2.4.3\source\rtl\objpas\classes\classesh.inc"/>
        <WindowIndex Value="0"/>
        <TopLine Value="608"/>
        <CursorPos X="15" Y="616"/>
        <UsageCount Value="9"/>
      </Unit31>
      <Unit32>
        <Filename Value="..\..\..\Fontes\ACBrDiversos\ACBrExtenso.pas"/>
        <UnitName Value="ACBrExtenso"/>
        <WindowIndex Value="0"/>
        <TopLine Value="90"/>
        <CursorPos X="32" Y="92"/>
        <UsageCount Value="9"/>
      </Unit32>
      <Unit33>
        <Filename Value="UtilUnit.pas"/>
        <UnitName Value="UtilUnit"/>
        <WindowIndex Value="0"/>
        <TopLine Value="28"/>
        <CursorPos X="10" Y="42"/>
        <UsageCount Value="9"/>
      </Unit33>
      <Unit34>
        <Filename Value="sndkey32.pas"/>
        <UnitName Value="sndkey32"/>
        <WindowIndex Value="0"/>
        <TopLine Value="476"/>
        <CursorPos X="37" Y="494"/>
        <UsageCount Value="9"/>
      </Unit34>
      <Unit35>
        <Filename Value="..\..\..\Fontes\ACBrTCP\ACBrCEP.pas"/>
        <UnitName Value="ACBrCEP"/>
        <WindowIndex Value="0"/>
        <TopLine Value="182"/>
        <CursorPos X="10" Y="190"/>
        <UsageCount Value="9"/>
      </Unit35>
      <Unit36>
        <Filename Value="..\..\..\Fontes\synalist\httpsend.pas"/>
        <UnitName Value="httpsend"/>
        <WindowIndex Value="0"/>
        <TopLine Value="370"/>
        <CursorPos X="28" Y="399"/>
        <UsageCount Value="9"/>
      </Unit36>
      <Unit37>
        <Filename Value="..\..\..\Fontes\ACBrSerial\ACBrECFDaruma.pas"/>
        <UnitName Value="ACBrECFDaruma"/>
        <WindowIndex Value="0"/>
        <TopLine Value="410"/>
        <CursorPos X="36" Y="437"/>
        <UsageCount Value="9"/>
      </Unit37>
      <Unit38>
        <Filename Value="..\..\..\Fontes\ACBrSerial\ACBrECFFiscNET.pas"/>
        <UnitName Value="ACBrECFFiscNET"/>
        <WindowIndex Value="0"/>
        <TopLine Value="1930"/>
        <CursorPos X="43" Y="1943"/>
        <UsageCount Value="9"/>
      </Unit38>
      <Unit39>
        <Filename Value="ACBrMonitor1.lfm"/>
        <WindowIndex Value="0"/>
        <TopLine Value="1"/>
        <CursorPos X="1" Y="1"/>
        <UsageCount Value="9"/>
        <DefaultSyntaxHighlighter Value="LFM"/>
      </Unit39>
      <Unit40>
        <Filename Value="C:\usr\lib\lazarus\debugger\gdbmidebugger.pp"/>
        <UnitName Value="GDBMIDebugger"/>
        <WindowIndex Value="0"/>
        <TopLine Value="3266"/>
        <CursorPos X="24" Y="3283"/>
        <UsageCount Value="9"/>
      </Unit40>
      <Unit41>
        <Filename Value="C:\usr\share\fpcsrc\rtl\linux\signal.inc"/>
        <WindowIndex Value="0"/>
        <TopLine Value="53"/>
        <CursorPos X="3" Y="90"/>
        <UsageCount Value="9"/>
      </Unit41>
      <Unit42>
        <Filename Value="C:\usr\lib\lazarus\lcl\lconvencoding.pas"/>
        <UnitName Value="LConvEncoding"/>
        <WindowIndex Value="0"/>
        <TopLine Value="4691"/>
        <CursorPos X="10" Y="4698"/>
        <UsageCount Value="9"/>
      </Unit42>
      <Unit43>
        <Filename Value="C:\usr\share\fpcsrc\rtl\inc\ustringh.inc"/>
        <WindowIndex Value="0"/>
        <TopLine Value="81"/>
        <CursorPos X="10" Y="98"/>
        <UsageCount Value="9"/>
      </Unit43>
      <Unit44>
        <Filename Value="C:\usr\share\fpcsrc\rtl\inc\ustrings.inc"/>
        <WindowIndex Value="0"/>
        <TopLine Value="177"/>
        <CursorPos X="71" Y="137"/>
        <UsageCount Value="9"/>
      </Unit44>
      <Unit45>
        <Filename Value="ACBrMonitor.iss"/>
        <WindowIndex Value="0"/>
        <TopLine Value="28"/>
        <CursorPos X="81" Y="47"/>
        <UsageCount Value="9"/>
        <DefaultSyntaxHighlighter Value="None"/>
      </Unit45>
      <Unit46>
        <Filename Value="..\..\..\Fontes\ACBrSerial\ACBrGAVImpressoraComum.pas"/>
        <UnitName Value="ACBrGAVImpressoraComum"/>
        <WindowIndex Value="0"/>
        <TopLine Value="10"/>
        <CursorPos X="1" Y="1"/>
        <UsageCount Value="9"/>
      </Unit46>
      <Unit47>
        <Filename Value="..\..\..\Fontes\ACBrSerial\ACBrETQPplb.pas"/>
        <UnitName Value="ACBrETQPplb"/>
        <WindowIndex Value="0"/>
        <TopLine Value="1"/>
        <CursorPos X="1" Y="1"/>
        <UsageCount Value="9"/>
      </Unit47>
      <Unit48>
        <Filename Value="C:\usr\local\share\lazarus\lcl\lclrescache.pas"/>
        <UnitName Value="LCLResCache"/>
        <WindowIndex Value="0"/>
        <TopLine Value="394"/>
        <CursorPos X="12" Y="405"/>
        <UsageCount Value="9"/>
      </Unit48>
      <Unit49>
        <Filename Value="C:\dev\lazarus\components\lazutils\avglvltree.pas"/>
        <UnitName Value="AvgLvlTree"/>
        <WindowIndex Value="0"/>
        <TopLine Value="131"/>
        <CursorPos X="15" Y="148"/>
        <UsageCount Value="9"/>
      </Unit49>
      <Unit50>
        <Filename Value="versao.txt"/>
        <WindowIndex Value="0"/>
        <TopLine Value="1"/>
        <CursorPos X="79" Y="2"/>
        <UsageCount Value="9"/>
        <DefaultSyntaxHighlighter Value="None"/>
      </Unit50>
      <Unit51>
        <Filename Value="C:\dev\fpc\rtl\objpas\classes\classesh.inc"/>
        <WindowIndex Value="0"/>
        <TopLine Value="1976"/>
        <CursorPos X="17" Y="1984"/>
        <UsageCount Value="9"/>
      </Unit51>
      <Unit52>
        <Filename Value="DoEmailUnit.pas"/>
        <IsPartOfProject Value="True"/>
        <UnitName Value="DoEmailUnit"/>
        <WindowIndex Value="0"/>
        <TopLine Value="45"/>
        <CursorPos X="55" Y="55"/>
        <UsageCount Value="31"/>
      </Unit52>
    </Units>
    <JumpHistory Count="24" HistoryIndex="23">
      <Position1>
        <Filename Value="ACBrMonitorConsoleDM.pas"/>
        <Caret Line="386" Column="68" TopLine="61"/>
      </Position1>
      <Position2>
        <Filename Value="ACBrMonitorConsoleDM.pas"/>
        <Caret Line="396" Column="54" TopLine="378"/>
      </Position2>
      <Position3>
        <Filename Value="ACBrMonitorConsoleDM.pas"/>
        <Caret Line="641" Column="24" TopLine="623"/>
      </Position3>
      <Position4>
        <Filename Value="ACBrMonitorConsoleDM.pas"/>
        <Caret Line="655" Column="20" TopLine="637"/>
      </Position4>
      <Position5>
        <Filename Value="ACBrMonitorConsoleDM.pas"/>
        <Caret Line="664" Column="20" TopLine="646"/>
      </Position5>
      <Position6>
        <Filename Value="ACBrMonitorConsoleDM.pas"/>
        <Caret Line="672" Column="20" TopLine="654"/>
      </Position6>
      <Position7>
        <Filename Value="ACBrMonitorConsoleDM.pas"/>
        <Caret Line="679" Column="20" TopLine="661"/>
      </Position7>
      <Position8>
        <Filename Value="ACBrMonitorConsoleDM.pas"/>
        <Caret Line="684" Column="20" TopLine="666"/>
      </Position8>
      <Position9>
        <Filename Value="ACBrMonitorConsoleDM.pas"/>
        <Caret Line="696" Column="20" TopLine="678"/>
      </Position9>
      <Position10>
        <Filename Value="ACBrMonitorConsoleDM.pas"/>
        <Caret Line="245" Column="67" TopLine="235"/>
      </Position10>
      <Position11>
        <Filename Value="ACBrMonitorConsoleDM.pas"/>
        <Caret Line="266" Column="58" TopLine="248"/>
      </Position11>
      <Position12>
        <Filename Value="ACBrMonitorConsoleDM.pas"/>
        <Caret Line="288" Column="45" TopLine="270"/>
      </Position12>
      <Position13>
        <Filename Value="ACBrMonitorConsoleDM.pas"/>
        <Caret Line="313" Column="48" TopLine="295"/>
      </Position13>
      <Position14>
        <Filename Value="ACBrMonitorConsoleDM.pas"/>
        <Caret Line="323" Column="47" TopLine="305"/>
      </Position14>
      <Position15>
        <Filename Value="ACBrMonitorConsoleDM.pas"/>
        <Caret Line="330" Column="53" TopLine="312"/>
      </Position15>
      <Position16>
        <Filename Value="ACBrMonitorConsoleDM.pas"/>
        <Caret Line="344" Column="44" TopLine="326"/>
      </Position16>
      <Position17>
        <Filename Value="ACBrMonitorConsoleDM.pas"/>
        <Caret Line="366" Column="47" TopLine="348"/>
      </Position17>
      <Position18>
        <Filename Value="ACBrMonitorConsoleDM.pas"/>
        <Caret Line="374" Column="54" TopLine="356"/>
      </Position18>
      <Position19>
        <Filename Value="ACBrMonitorConsoleDM.pas"/>
        <Caret Line="384" Column="53" TopLine="366"/>
      </Position19>
      <Position20>
        <Filename Value="ACBrMonitorConsoleDM.pas"/>
        <Caret Line="396" Column="54" TopLine="378"/>
      </Position20>
      <Position21>
        <Filename Value="ACBrMonitorConsoleDM.pas"/>
        <Caret Line="641" Column="24" TopLine="623"/>
      </Position21>
      <Position22>
        <Filename Value="ACBrMonitorConsoleDM.pas"/>
        <Caret Line="655" Column="20" TopLine="637"/>
      </Position22>
      <Position23>
        <Filename Value="ACBrMonitorConsoleDM.pas"/>
        <Caret Line="664" Column="20" TopLine="646"/>
      </Position23>
      <Position24>
        <Filename Value="ACBrMonitorConsoleDM.pas"/>
        <Caret Line="672" Column="44" TopLine="592"/>
      </Position24>
    </JumpHistory>
  </ProjectOptions>
  <CompilerOptions>
    <Version Value="11"/>
    <PathDelim Value="\"/>
    <Target>
      <Filename Value="ACBrMonitorConsole"/>
    </Target>
    <SearchPaths>
      <IncludeFiles Value="$(ProjOutDir);..\..\..\Fontes\ACBrComum"/>
      <OtherUnitFiles Value="..\..\..\Fontes\ACBrSerial;..\..\..\Fontes\ACBrTCP;..\..\..\Fontes\ACBrComum;..\..\..\Fontes\ACBrDiversos;..\..\..\Fontes\synalist"/>
      <UnitOutputDirectory Value="ACBrMonitorConsoleLib\$(TargetCPU)-$(TargetOS)"/>
    </SearchPaths>
    <Other>
      <CompilerMessages>
        <UseMsgFile Value="True"/>
      </CompilerMessages>
      <CustomOptions Value="-dCONSOLE
-dUseCThreads"/>
      <CompilerPath Value="$(CompPath)"/>
    </Other>
  </CompilerOptions>
  <Debugging>
    <Exceptions Count="3">
      <Item1>
        <Name Value="EAbort"/>
      </Item1>
      <Item2>
        <Name Value="ECodetoolError"/>
      </Item2>
      <Item3>
        <Name Value="EFOpenError"/>
      </Item3>
    </Exceptions>
  </Debugging>
  <EditorMacros Count="0"/>
</CONFIG>
